// !$*UTF8*$!
{
	archiveVersion = 1;
	classes = {
	};
	objectVersion = 46;
	objects = {

/* Begin PBXBuildFile section */
		74DC80FA1B01181200B527DA /* AppDelegate.swift in Sources */ = {isa = PBXBuildFile; fileRef = 74DC80F91B01181200B527DA /* AppDelegate.swift */; };
		74DC80FC1B01181200B527DA /* ViewController.swift in Sources */ = {isa = PBXBuildFile; fileRef = 74DC80FB1B01181200B527DA /* ViewController.swift */; };
		74DC80FE1B01181200B527DA /* Images.xcassets in Resources */ = {isa = PBXBuildFile; fileRef = 74DC80FD1B01181200B527DA /* Images.xcassets */; };
		74DC81011B01181200B527DA /* Main.storyboard in Resources */ = {isa = PBXBuildFile; fileRef = 74DC80FF1B01181200B527DA /* Main.storyboard */; };
		74DC810D1B01181200B527DA /* BarChartTests.swift in Sources */ = {isa = PBXBuildFile; fileRef = 74DC810C1B01181200B527DA /* BarChartTests.swift */; };
/* End PBXBuildFile section */

/* Begin PBXContainerItemProxy section */
		74DC81071B01181200B527DA /* PBXContainerItemProxy */ = {
			isa = PBXContainerItemProxy;
			containerPortal = 74DC80EC1B01181200B527DA /* Project object */;
			proxyType = 1;
			remoteGlobalIDString = 74DC80F31B01181200B527DA;
			remoteInfo = BarChart;
		};
/* End PBXContainerItemProxy section */

/* Begin PBXFileReference section */
		74DC80F41B01181200B527DA /* BarChart.app */ = {isa = PBXFileReference; explicitFileType = wrapper.application; includeInIndex = 0; path = BarChart.app; sourceTree = BUILT_PRODUCTS_DIR; };
		74DC80F81B01181200B527DA /* Info.plist */ = {isa = PBXFileReference; lastKnownFileType = text.plist.xml; path = Info.plist; sourceTree = "<group>"; };
		74DC80F91B01181200B527DA /* AppDelegate.swift */ = {isa = PBXFileReference; lastKnownFileType = sourcecode.swift; path = AppDelegate.swift; sourceTree = "<group>"; };
		74DC80FB1B01181200B527DA /* ViewController.swift */ = {isa = PBXFileReference; lastKnownFileType = sourcecode.swift; path = ViewController.swift; sourceTree = "<group>"; };
		74DC80FD1B01181200B527DA /* Images.xcassets */ = {isa = PBXFileReference; lastKnownFileType = folder.assetcatalog; path = Images.xcassets; sourceTree = "<group>"; };
		74DC81001B01181200B527DA /* Base */ = {isa = PBXFileReference; lastKnownFileType = file.storyboard; name = Base; path = Base.lproj/Main.storyboard; sourceTree = "<group>"; };
		74DC81061B01181200B527DA /* BarChartTests.xctest */ = {isa = PBXFileReference; explicitFileType = wrapper.cfbundle; includeInIndex = 0; path = BarChartTests.xctest; sourceTree = BUILT_PRODUCTS_DIR; };
		74DC810B1B01181200B527DA /* Info.plist */ = {isa = PBXFileReference; lastKnownFileType = text.plist.xml; path = Info.plist; sourceTree = "<group>"; };
		74DC810C1B01181200B527DA /* BarChartTests.swift */ = {isa = PBXFileReference; lastKnownFileType = sourcecode.swift; path = BarChartTests.swift; sourceTree = "<group>"; };
/* End PBXFileReference section */

/* Begin PBXFrameworksBuildPhase section */
		74DC80F11B01181200B527DA /* Frameworks */ = {
			isa = PBXFrameworksBuildPhase;
			buildActionMask = 2147483647;
			files = (
			);
			runOnlyForDeploymentPostprocessing = 0;
		};
		74DC81031B01181200B527DA /* Frameworks */ = {
			isa = PBXFrameworksBuildPhase;
			buildActionMask = 2147483647;
			files = (
			);
			runOnlyForDeploymentPostprocessing = 0;
		};
/* End PBXFrameworksBuildPhase section */

/* Begin PBXGroup section */
		74DC80EB1B01181200B527DA = {
			isa = PBXGroup;
			children = (
				74DC80F61B01181200B527DA /* BarChart */,
				74DC81091B01181200B527DA /* BarChartTests */,
				74DC80F51B01181200B527DA /* Products */,
			);
			sourceTree = "<group>";
		};
		74DC80F51B01181200B527DA /* Products */ = {
			isa = PBXGroup;
			children = (
				74DC80F41B01181200B527DA /* BarChart.app */,
				74DC81061B01181200B527DA /* BarChartTests.xctest */,
			);
			name = Products;
			sourceTree = "<group>";
		};
		74DC80F61B01181200B527DA /* BarChart */ = {
			isa = PBXGroup;
			children = (
				74DC80F91B01181200B527DA /* AppDelegate.swift */,
				74DC80FB1B01181200B527DA /* ViewController.swift */,
				74DC80FD1B01181200B527DA /* Images.xcassets */,
				74DC80FF1B01181200B527DA /* Main.storyboard */,
				74DC80F71B01181200B527DA /* Supporting Files */,
			);
			path = BarChart;
			sourceTree = "<group>";
		};
		74DC80F71B01181200B527DA /* Supporting Files */ = {
			isa = PBXGroup;
			children = (
				74DC80F81B01181200B527DA /* Info.plist */,
			);
			name = "Supporting Files";
			sourceTree = "<group>";
		};
		74DC81091B01181200B527DA /* BarChartTests */ = {
			isa = PBXGroup;
			children = (
				74DC810C1B01181200B527DA /* BarChartTests.swift */,
				74DC810A1B01181200B527DA /* Supporting Files */,
			);
			path = BarChartTests;
			sourceTree = "<group>";
		};
		74DC810A1B01181200B527DA /* Supporting Files */ = {
			isa = PBXGroup;
			children = (
				74DC810B1B01181200B527DA /* Info.plist */,
			);
			name = "Supporting Files";
			sourceTree = "<group>";
		};
/* End PBXGroup section */

/* Begin PBXNativeTarget section */
		74DC80F31B01181200B527DA /* BarChart */ = {
			isa = PBXNativeTarget;
			buildConfigurationList = 74DC81101B01181200B527DA /* Build configuration list for PBXNativeTarget "BarChart" */;
			buildPhases = (
				74DC80F01B01181200B527DA /* Sources */,
				74DC80F11B01181200B527DA /* Frameworks */,
				74DC80F21B01181200B527DA /* Resources */,
			);
			buildRules = (
			);
			dependencies = (
			);
			name = BarChart;
			productName = BarChart;
			productReference = 74DC80F41B01181200B527DA /* BarChart.app */;
			productType = "com.apple.product-type.application";
		};
		74DC81051B01181200B527DA /* BarChartTests */ = {
			isa = PBXNativeTarget;
			buildConfigurationList = 74DC81131B01181200B527DA /* Build configuration list for PBXNativeTarget "BarChartTests" */;
			buildPhases = (
				74DC81021B01181200B527DA /* Sources */,
				74DC81031B01181200B527DA /* Frameworks */,
				74DC81041B01181200B527DA /* Resources */,
			);
			buildRules = (
			);
			dependencies = (
				74DC81081B01181200B527DA /* PBXTargetDependency */,
			);
			name = BarChartTests;
			productName = BarChartTests;
			productReference = 74DC81061B01181200B527DA /* BarChartTests.xctest */;
			productType = "com.apple.product-type.bundle.unit-test";
		};
/* End PBXNativeTarget section */

/* Begin PBXProject section */
		74DC80EC1B01181200B527DA /* Project object */ = {
			isa = PBXProject;
			attributes = {
				LastUpgradeCheck = 0630;
				ORGANIZATIONNAME = "Damiaan Dufaux";
				TargetAttributes = {
					74DC80F31B01181200B527DA = {
						CreatedOnToolsVersion = 6.3.1;
					};
					74DC81051B01181200B527DA = {
						CreatedOnToolsVersion = 6.3.1;
						TestTargetID = 74DC80F31B01181200B527DA;
					};
				};
			};
			buildConfigurationList = 74DC80EF1B01181200B527DA /* Build configuration list for PBXProject "BarChart" */;
			compatibilityVersion = "Xcode 3.2";
			developmentRegion = English;
			hasScannedForEncodings = 0;
			knownRegions = (
				en,
				Base,
			);
			mainGroup = 74DC80EB1B01181200B527DA;
			productRefGroup = 74DC80F51B01181200B527DA /* Products */;
			projectDirPath = "";
			projectRoot = "";
			targets = (
				74DC80F31B01181200B527DA /* BarChart */,
				74DC81051B01181200B527DA /* BarChartTests */,
			);
		};
/* End PBXProject section */

/* Begin PBXResourcesBuildPhase section */
		74DC80F21B01181200B527DA /* Resources */ = {
			isa = PBXResourcesBuildPhase;
			buildActionMask = 2147483647;
			files = (
				74DC80FE1B01181200B527DA /* Images.xcassets in Resources */,
				74DC81011B01181200B527DA /* Main.storyboard in Resources */,
			);
			runOnlyForDeploymentPostprocessing = 0;
		};
		74DC81041B01181200B527DA /* Resources */ = {
			isa = PBXResourcesBuildPhase;
			buildActionMask = 2147483647;
			files = (
			);
			runOnlyForDeploymentPostprocessing = 0;
		};
/* End PBXResourcesBuildPhase section */

/* Begin PBXSourcesBuildPhase section */
		74DC80F01B01181200B527DA /* Sources */ = {
			isa = PBXSourcesBuildPhase;
			buildActionMask = 2147483647;
			files = (
				74DC80FC1B01181200B527DA /* ViewController.swift in Sources */,
				74DC80FA1B01181200B527DA /* AppDelegate.swift in Sources */,
			);
			runOnlyForDeploymentPostprocessing = 0;
		};
		74DC81021B01181200B527DA /* Sources */ = {
			isa = PBXSourcesBuildPhase;
			buildActionMask = 2147483647;
			files = (
				74DC810D1B01181200B527DA /* BarChartTests.swift in Sources */,
			);
			runOnlyForDeploymentPostprocessing = 0;
		};
/* End PBXSourcesBuildPhase section */

/* Begin PBXTargetDependency section */
		74DC81081B01181200B527DA /* PBXTargetDependency */ = {
			isa = PBXTargetDependency;
			target = 74DC80F31B01181200B527DA /* BarChart */;
			targetProxy = 74DC81071B01181200B527DA /* PBXContainerItemProxy */;
		};
/* End PBXTargetDependency section */

/* Begin PBXVariantGroup section */
		74DC80FF1B01181200B527DA /* Main.storyboard */ = {
			isa = PBXVariantGroup;
			children = (
				74DC81001B01181200B527DA /* Base */,
			);
			name = Main.storyboard;
			sourceTree = "<group>";
		};
/* End PBXVariantGroup section */

/* Begin XCBuildConfiguration section */
		74DC810E1B01181200B527DA /* Debug */ = {
			isa = XCBuildConfiguration;
			buildSettings = {
				ALWAYS_SEARCH_USER_PATHS = NO;
				CLANG_CXX_LANGUAGE_STANDARD = "gnu++0x";
				CLANG_CXX_LIBRARY = "libc++";
				CLANG_ENABLE_MODULES = YES;
				CLANG_ENABLE_OBJC_ARC = YES;
				CLANG_WARN_BOOL_CONVERSION = YES;
				CLANG_WARN_CONSTANT_CONVERSION = YES;
				CLANG_WARN_DIRECT_OBJC_ISA_USAGE = YES_ERROR;
				CLANG_WARN_EMPTY_BODY = YES;
				CLANG_WARN_ENUM_CONVERSION = YES;
				CLANG_WARN_INT_CONVERSION = YES;
				CLANG_WARN_OBJC_ROOT_CLASS = YES_ERROR;
				CLANG_WARN_UNREACHABLE_CODE = YES;
				CLANG_WARN__DUPLICATE_METHOD_MATCH = YES;
				CODE_SIGN_IDENTITY = "-";
				COPY_PHASE_STRIP = NO;
				DEBUG_INFORMATION_FORMAT = dwarf;
				ENABLE_STRICT_OBJC_MSGSEND = YES;
				GCC_C_LANGUAGE_STANDARD = gnu99;
				GCC_DYNAMIC_NO_PIC = NO;
				GCC_NO_COMMON_BLOCKS = YES;
				GCC_OPTIMIZATION_LEVEL = 0;
				GCC_PREPROCESSOR_DEFINITIONS = (
					"DEBUG=1",
					"$(inherited)",
				);
				GCC_SYMBOLS_PRIVATE_EXTERN = NO;
				GCC_WARN_64_TO_32_BIT_CONVERSION = YES;
				GCC_WARN_ABOUT_RETURN_TYPE = YES_ERROR;
				GCC_WARN_UNDECLARED_SELECTOR = YES;
				GCC_WARN_UNINITIALIZED_AUTOS = YES_AGGRESSIVE;
				GCC_WARN_UNUSED_FUNCTION = YES;
				GCC_WARN_UNUSED_VARIABLE = YES;
				MACOSX_DEPLOYMENT_TARGET = 10.10;
				MTL_ENABLE_DEBUG_INFO = YES;
				ONLY_ACTIVE_ARCH = YES;
				SDKROOT = macosx;
				SWIFT_OPTIMIZATION_LEVEL = "-Onone";
			};
			name = Debug;
		};
		74DC810F1B01181200B527DA /* Release */ = {
			isa = XCBuildConfiguration;
			buildSettings = {
				ALWAYS_SEARCH_USER_PATHS = NO;
				CLANG_CXX_LANGUAGE_STANDARD = "gnu++0x";
				CLANG_CXX_LIBRARY = "libc++";
				CLANG_ENABLE_MODULES = YES;
				CLANG_ENABLE_OBJC_ARC = YES;
				CLANG_WARN_BOOL_CONVERSION = YES;
				CLANG_WARN_CONSTANT_CONVERSION = YES;
				CLANG_WARN_DIRECT_OBJC_ISA_USAGE = YES_ERROR;
				CLANG_WARN_EMPTY_BODY = YES;
				CLANG_WARN_ENUM_CONVERSION = YES;
				CLANG_WARN_INT_CONVERSION = YES;
				CLANG_WARN_OBJC_ROOT_CLASS = YES_ERROR;
				CLANG_WARN_UNREACHABLE_CODE = YES;
				CLANG_WARN__DUPLICATE_METHOD_MATCH = YES;
				CODE_SIGN_IDENTITY = "-";
				COPY_PHASE_STRIP = NO;
				DEBUG_INFORMATION_FORMAT = "dwarf-with-dsym";
				ENABLE_NS_ASSERTIONS = NO;
				ENABLE_STRICT_OBJC_MSGSEND = YES;
				GCC_C_LANGUAGE_STANDARD = gnu99;
				GCC_NO_COMMON_BLOCKS = YES;
				GCC_WARN_64_TO_32_BIT_CONVERSION = YES;
				GCC_WARN_ABOUT_RETURN_TYPE = YES_ERROR;
				GCC_WARN_UNDECLARED_SELECTOR = YES;
				GCC_WARN_UNINITIALIZED_AUTOS = YES_AGGRESSIVE;
				GCC_WARN_UNUSED_FUNCTION = YES;
				GCC_WARN_UNUSED_VARIABLE = YES;
				MACOSX_DEPLOYMENT_TARGET = 10.10;
				MTL_ENABLE_DEBUG_INFO = NO;
				SDKROOT = macosx;
			};
			name = Release;
		};
		74DC81111B01181200B527DA /* Debug */ = {
			isa = XCBuildConfiguration;
			buildSettings = {
				ASSETCATALOG_COMPILER_APPICON_NAME = AppIcon;
				COMBINE_HIDPI_IMAGES = YES;
				INFOPLIST_FILE = BarChart/Info.plist;
				LD_RUNPATH_SEARCH_PATHS = "$(inherited) @executable_path/../Frameworks";
				PRODUCT_NAME = "$(TARGET_NAME)";
			};
			name = Debug;
		};
		74DC81121B01181200B527DA /* Release */ = {
			isa = XCBuildConfiguration;
			buildSettings = {
				ASSETCATALOG_COMPILER_APPICON_NAME = AppIcon;
				COMBINE_HIDPI_IMAGES = YES;
				INFOPLIST_FILE = BarChart/Info.plist;
				LD_RUNPATH_SEARCH_PATHS = "$(inherited) @executable_path/../Frameworks";
				PRODUCT_NAME = "$(TARGET_NAME)";
			};
			name = Release;
		};
		74DC81141B01181200B527DA /* Debug */ = {
			isa = XCBuildConfiguration;
			buildSettings = {
				BUNDLE_LOADER = "$(TEST_HOST)";
				COMBINE_HIDPI_IMAGES = YES;
				FRAMEWORK_SEARCH_PATHS = (
					"$(DEVELOPER_FRAMEWORKS_DIR)",
					"$(inherited)",
				);
				GCC_PREPROCESSOR_DEFINITIONS = (
					"DEBUG=1",
					"$(inherited)",
				);
				INFOPLIST_FILE = BarChartTests/Info.plist;
				LD_RUNPATH_SEARCH_PATHS = "$(inherited) @executable_path/../Frameworks @loader_path/../Frameworks";
				PRODUCT_NAME = "$(TARGET_NAME)";
				TEST_HOST = "$(BUILT_PRODUCTS_DIR)/BarChart.app/Contents/MacOS/BarChart";
			};
			name = Debug;
		};
		74DC81151B01181200B527DA /* Release */ = {
			isa = XCBuildConfiguration;
			buildSettings = {
				BUNDLE_LOADER = "$(TEST_HOST)";
				COMBINE_HIDPI_IMAGES = YES;
				FRAMEWORK_SEARCH_PATHS = (
					"$(DEVELOPER_FRAMEWORKS_DIR)",
					"$(inherited)",
				);
				INFOPLIST_FILE = BarChartTests/Info.plist;
				LD_RUNPATH_SEARCH_PATHS = "$(inherited) @executable_path/../Frameworks @loader_path/../Frameworks";
				PRODUCT_NAME = "$(TARGET_NAME)";
				TEST_HOST = "$(BUILT_PRODUCTS_DIR)/BarChart.app/Contents/MacOS/BarChart";
			};
			name = Release;
		};
/* End XCBuildConfiguration section */

/* Begin XCConfigurationList section */
		74DC80EF1B01181200B527DA /* Build configuration list for PBXProject "BarChart" */ = {
			isa = XCConfigurationList;
			buildConfigurations = (
				74DC810E1B01181200B527DA /* Debug */,
				74DC810F1B01181200B527DA /* Release */,
			);
			defaultConfigurationIsVisible = 0;
			defaultConfigurationName = Release;
		};
		74DC81101B01181200B527DA /* Build configuration list for PBXNativeTarget "BarChart" */ = {
			isa = XCConfigurationList;
			buildConfigurations = (
				74DC81111B01181200B527DA /* Debug */,
				74DC81121B01181200B527DA /* Release */,
			);
			defaultConfigurationIsVisible = 0;
		};
		74DC81131B01181200B527DA /* Build configuration list for PBXNativeTarget "BarChartTests" */ = {
			isa = XCConfigurationList;
			buildConfigurations = (
				74DC81141B01181200B527DA /* Debug */,
				74DC81151B01181200B527DA /* Release */,
			);
			defaultConfigurationIsVisible = 0;
		};
/* End XCConfigurationList section */
	};
	rootObject = 74DC80EC1B01181200B527DA /* Project object */;
}
